
Microsoft Visual Studio Solution File, Format Version 12.00
# Visual Studio Version 17
VisualStudioVersion = 17.2.32616.157
MinimumVisualStudioVersion = 10.0.40219.1
Project("{FAE04EC0-301F-11D3-BF4B-00C04F79EFBC}") = "CitsDemo", "CitsDemo.csproj", "{6266DCE2-E700-4477-B8F3-C73BF997E636}"
EndProject
Global
	GlobalSection(SolutionConfigurationPlatforms) = preSolution
		Debug|Any CPU = Debug|Any CPU
		Release|Any CPU = Release|Any CPU
	EndGlobalSection
	GlobalSection(ProjectConfigurationPlatforms) = postSolution
		{6266DCE2-E700-4477-B8F3-C73BF997E636}.Debug|Any CPU.ActiveCfg = Debug|Any CPU
		{6266DCE2-E700-4477-B8F3-C73BF997E636}.Debug|Any CPU.Build.0 = Debug|Any CPU
		{6266DCE2-E700-4477-B8F3-C73BF997E636}.Release|Any CPU.ActiveCfg = Release|Any CPU
		{6266DCE2-E700-4477-B8F3-C73BF997E636}.Release|Any CPU.Build.0 = Release|Any CPU
	EndGlobalSection
	GlobalSection(SolutionProperties) = preSolution
		HideSolutionNode = FALSE
	EndGlobalSection
	GlobalSection(ExtensibilityGlobals) = postSolution
		SolutionGuid = {37F0F52F-2782-4DA4-8ACF-3013ECA10B6E}
	EndGlobalSection
EndGlobal
